// !$*UTF8*$!
{
	archiveVersion = 1;
	classes = {
	};
	objectVersion = 55;
	objects = {

/* Begin PBXBuildFile section */
		0A2DA913289A9F1A00F209F3 /* AppDelegate.swift in Sources */ = {isa = PBXBuildFile; fileRef = 0A2DA912289A9F1A00F209F3 /* AppDelegate.swift */; };
		0A2DA915289A9F1A00F209F3 /* SceneDelegate.swift in Sources */ = {isa = PBXBuildFile; fileRef = 0A2DA914289A9F1A00F209F3 /* SceneDelegate.swift */; };
		0A2DA917289A9F1A00F209F3 /* ViewController.swift in Sources */ = {isa = PBXBuildFile; fileRef = 0A2DA916289A9F1A00F209F3 /* ViewController.swift */; };
		0A2DA91A289A9F1A00F209F3 /* Main.storyboard in Resources */ = {isa = PBXBuildFile; fileRef = 0A2DA918289A9F1A00F209F3 /* Main.storyboard */; };
		0A2DA91C289A9F1B00F209F3 /* Assets.xcassets in Resources */ = {isa = PBXBuildFile; fileRef = 0A2DA91B289A9F1B00F209F3 /* Assets.xcassets */; };
		0A2DA91F289A9F1B00F209F3 /* LaunchScreen.storyboard in Resources */ = {isa = PBXBuildFile; fileRef = 0A2DA91D289A9F1B00F209F3 /* LaunchScreen.storyboard */; };
		0A729D5F28A526E7004A02E3 /* nssl0049.jpg in Resources */ = {isa = PBXBuildFile; fileRef = 0A729D5528A526E7004A02E3 /* nssl0049.jpg */; };
		0A729D6028A526E7004A02E3 /* nssl0046.jpg in Resources */ = {isa = PBXBuildFile; fileRef = 0A729D5628A526E7004A02E3 /* nssl0046.jpg */; };
		0A729D6128A526E7004A02E3 /* nssl0091.jpg in Resources */ = {isa = PBXBuildFile; fileRef = 0A729D5728A526E7004A02E3 /* nssl0091.jpg */; };
		0A729D6228A526E7004A02E3 /* nssl0045.jpg in Resources */ = {isa = PBXBuildFile; fileRef = 0A729D5828A526E7004A02E3 /* nssl0045.jpg */; };
		0A729D6328A526E7004A02E3 /* nssl0051.jpg in Resources */ = {isa = PBXBuildFile; fileRef = 0A729D5928A526E7004A02E3 /* nssl0051.jpg */; };
		0A729D6428A526E7004A02E3 /* nssl0041.jpg in Resources */ = {isa = PBXBuildFile; fileRef = 0A729D5A28A526E7004A02E3 /* nssl0041.jpg */; };
		0A729D6528A526E7004A02E3 /* nssl0042.jpg in Resources */ = {isa = PBXBuildFile; fileRef = 0A729D5B28A526E7004A02E3 /* nssl0042.jpg */; };
		0A729D6628A526E7004A02E3 /* nssl0043.jpg in Resources */ = {isa = PBXBuildFile; fileRef = 0A729D5C28A526E7004A02E3 /* nssl0043.jpg */; };
		0A729D6728A526E7004A02E3 /* nssl0033.jpg in Resources */ = {isa = PBXBuildFile; fileRef = 0A729D5D28A526E7004A02E3 /* nssl0033.jpg */; };
		0A729D6828A526E7004A02E3 /* nssl0034.jpg in Resources */ = {isa = PBXBuildFile; fileRef = 0A729D5E28A526E7004A02E3 /* nssl0034.jpg */; };
		0ADF927E28A8120200C33AF3 /* DetailViewController.swift in Sources */ = {isa = PBXBuildFile; fileRef = 0ADF927D28A8120200C33AF3 /* DetailViewController.swift */; };
/* End PBXBuildFile section */

/* Begin PBXFileReference section */
		0A2DA90F289A9F1A00F209F3 /* Project1.app */ = {isa = PBXFileReference; explicitFileType = wrapper.application; includeInIndex = 0; path = Project1.app; sourceTree = BUILT_PRODUCTS_DIR; };
		0A2DA912289A9F1A00F209F3 /* AppDelegate.swift */ = {isa = PBXFileReference; lastKnownFileType = sourcecode.swift; path = AppDelegate.swift; sourceTree = "<group>"; };
		0A2DA914289A9F1A00F209F3 /* SceneDelegate.swift */ = {isa = PBXFileReference; lastKnownFileType = sourcecode.swift; path = SceneDelegate.swift; sourceTree = "<group>"; };
		0A2DA916289A9F1A00F209F3 /* ViewController.swift */ = {isa = PBXFileReference; lastKnownFileType = sourcecode.swift; path = ViewController.swift; sourceTree = "<group>"; };
		0A2DA919289A9F1A00F209F3 /* Base */ = {isa = PBXFileReference; lastKnownFileType = file.storyboard; name = Base; path = Base.lproj/Main.storyboard; sourceTree = "<group>"; };
		0A2DA91B289A9F1B00F209F3 /* Assets.xcassets */ = {isa = PBXFileReference; lastKnownFileType = folder.assetcatalog; path = Assets.xcassets; sourceTree = "<group>"; };
		0A2DA91E289A9F1B00F209F3 /* Base */ = {isa = PBXFileReference; lastKnownFileType = file.storyboard; name = Base; path = Base.lproj/LaunchScreen.storyboard; sourceTree = "<group>"; };
		0A2DA920289A9F1B00F209F3 /* Info.plist */ = {isa = PBXFileReference; lastKnownFileType = text.plist.xml; path = Info.plist; sourceTree = "<group>"; };
		0A729D5528A526E7004A02E3 /* nssl0049.jpg */ = {isa = PBXFileReference; lastKnownFileType = image.jpeg; path = nssl0049.jpg; sourceTree = "<group>"; };
		0A729D5628A526E7004A02E3 /* nssl0046.jpg */ = {isa = PBXFileReference; lastKnownFileType = image.jpeg; path = nssl0046.jpg; sourceTree = "<group>"; };
		0A729D5728A526E7004A02E3 /* nssl0091.jpg */ = {isa = PBXFileReference; lastKnownFileType = image.jpeg; path = nssl0091.jpg; sourceTree = "<group>"; };
		0A729D5828A526E7004A02E3 /* nssl0045.jpg */ = {isa = PBXFileReference; lastKnownFileType = image.jpeg; path = nssl0045.jpg; sourceTree = "<group>"; };
		0A729D5928A526E7004A02E3 /* nssl0051.jpg */ = {isa = PBXFileReference; lastKnownFileType = image.jpeg; path = nssl0051.jpg; sourceTree = "<group>"; };
		0A729D5A28A526E7004A02E3 /* nssl0041.jpg */ = {isa = PBXFileReference; lastKnownFileType = image.jpeg; path = nssl0041.jpg; sourceTree = "<group>"; };
		0A729D5B28A526E7004A02E3 /* nssl0042.jpg */ = {isa = PBXFileReference; lastKnownFileType = image.jpeg; path = nssl0042.jpg; sourceTree = "<group>"; };
		0A729D5C28A526E7004A02E3 /* nssl0043.jpg */ = {isa = PBXFileReference; lastKnownFileType = image.jpeg; path = nssl0043.jpg; sourceTree = "<group>"; };
		0A729D5D28A526E7004A02E3 /* nssl0033.jpg */ = {isa = PBXFileReference; lastKnownFileType = image.jpeg; path = nssl0033.jpg; sourceTree = "<group>"; };
		0A729D5E28A526E7004A02E3 /* nssl0034.jpg */ = {isa = PBXFileReference; lastKnownFileType = image.jpeg; path = nssl0034.jpg; sourceTree = "<group>"; };
		0ADF927D28A8120200C33AF3 /* DetailViewController.swift */ = {isa = PBXFileReference; lastKnownFileType = sourcecode.swift; path = DetailViewController.swift; sourceTree = "<group>"; };
/* End PBXFileReference section */

/* Begin PBXFrameworksBuildPhase section */
		0A2DA90C289A9F1A00F209F3 /* Frameworks */ = {
			isa = PBXFrameworksBuildPhase;
			buildActionMask = 2147483647;
			files = (
			);
			runOnlyForDeploymentPostprocessing = 0;
		};
/* End PBXFrameworksBuildPhase section */

/* Begin PBXGroup section */
		0A2DA906289A9F1A00F209F3 = {
			isa = PBXGroup;
			children = (
				0A2DA911289A9F1A00F209F3 /* Project1 */,
				0A2DA910289A9F1A00F209F3 /* Products */,
			);
			sourceTree = "<group>";
		};
		0A2DA910289A9F1A00F209F3 /* Products */ = {
			isa = PBXGroup;
			children = (
				0A2DA90F289A9F1A00F209F3 /* Project1.app */,
			);
			name = Products;
			sourceTree = "<group>";
		};
		0A2DA911289A9F1A00F209F3 /* Project1 */ = {
			isa = PBXGroup;
			children = (
				0A2DA912289A9F1A00F209F3 /* AppDelegate.swift */,
				0A2DA914289A9F1A00F209F3 /* SceneDelegate.swift */,
				0A2DA916289A9F1A00F209F3 /* ViewController.swift */,
				0ADF927D28A8120200C33AF3 /* DetailViewController.swift */,
				0A2DA918289A9F1A00F209F3 /* Main.storyboard */,
				0A2DA91B289A9F1B00F209F3 /* Assets.xcassets */,
				0A2DA91D289A9F1B00F209F3 /* LaunchScreen.storyboard */,
				0A2DA920289A9F1B00F209F3 /* Info.plist */,
				0A729D5428A526E7004A02E3 /* Content */,
			);
			path = Project1;
			sourceTree = "<group>";
		};
		0A729D5428A526E7004A02E3 /* Content */ = {
			isa = PBXGroup;
			children = (
				0A729D5528A526E7004A02E3 /* nssl0049.jpg */,
				0A729D5628A526E7004A02E3 /* nssl0046.jpg */,
				0A729D5728A526E7004A02E3 /* nssl0091.jpg */,
				0A729D5828A526E7004A02E3 /* nssl0045.jpg */,
				0A729D5928A526E7004A02E3 /* nssl0051.jpg */,
				0A729D5A28A526E7004A02E3 /* nssl0041.jpg */,
				0A729D5B28A526E7004A02E3 /* nssl0042.jpg */,
				0A729D5C28A526E7004A02E3 /* nssl0043.jpg */,
				0A729D5D28A526E7004A02E3 /* nssl0033.jpg */,
				0A729D5E28A526E7004A02E3 /* nssl0034.jpg */,
			);
			name = Content;
			path = "../../../../../../Downloads/HackingWithSwift-main/Classic/project1-files/Content";
			sourceTree = "<group>";
		};
/* End PBXGroup section */

/* Begin PBXNativeTarget section */
		0A2DA90E289A9F1A00F209F3 /* Project1 */ = {
			isa = PBXNativeTarget;
			buildConfigurationList = 0A2DA923289A9F1B00F209F3 /* Build configuration list for PBXNativeTarget "Project1" */;
			buildPhases = (
				0A2DA90B289A9F1A00F209F3 /* Sources */,
				0A2DA90C289A9F1A00F209F3 /* Frameworks */,
				0A2DA90D289A9F1A00F209F3 /* Resources */,
			);
			buildRules = (
			);
			dependencies = (
			);
			name = Project1;
			productName = Project1;
			productReference = 0A2DA90F289A9F1A00F209F3 /* Project1.app */;
			productType = "com.apple.product-type.application";
		};
/* End PBXNativeTarget section */

/* Begin PBXProject section */
		0A2DA907289A9F1A00F209F3 /* Project object */ = {
			isa = PBXProject;
			attributes = {
				BuildIndependentTargetsInParallel = 1;
				LastSwiftUpdateCheck = 1340;
				LastUpgradeCheck = 1340;
				TargetAttributes = {
					0A2DA90E289A9F1A00F209F3 = {
						CreatedOnToolsVersion = 13.4.1;
					};
				};
			};
			buildConfigurationList = 0A2DA90A289A9F1A00F209F3 /* Build configuration list for PBXProject "Project1" */;
			compatibilityVersion = "Xcode 13.0";
			developmentRegion = en;
			hasScannedForEncodings = 0;
			knownRegions = (
				en,
				Base,
			);
			mainGroup = 0A2DA906289A9F1A00F209F3;
			productRefGroup = 0A2DA910289A9F1A00F209F3 /* Products */;
			projectDirPath = "";
			projectRoot = "";
			targets = (
				0A2DA90E289A9F1A00F209F3 /* Project1 */,
			);
		};
/* End PBXProject section */

/* Begin PBXResourcesBuildPhase section */
		0A2DA90D289A9F1A00F209F3 /* Resources */ = {
			isa = PBXResourcesBuildPhase;
			buildActionMask = 2147483647;
			files = (
				0A729D6028A526E7004A02E3 /* nssl0046.jpg in Resources */,
				0A729D6728A526E7004A02E3 /* nssl0033.jpg in Resources */,
				0A729D6328A526E7004A02E3 /* nssl0051.jpg in Resources */,
				0A729D6128A526E7004A02E3 /* nssl0091.jpg in Resources */,
				0A729D6628A526E7004A02E3 /* nssl0043.jpg in Resources */,
				0A729D6828A526E7004A02E3 /* nssl0034.jpg in Resources */,
				0A729D5F28A526E7004A02E3 /* nssl0049.jpg in Resources */,
				0A729D6428A526E7004A02E3 /* nssl0041.jpg in Resources */,
				0A729D6528A526E7004A02E3 /* nssl0042.jpg in Resources */,
				0A2DA91F289A9F1B00F209F3 /* LaunchScreen.storyboard in Resources */,
				0A2DA91C289A9F1B00F209F3 /* Assets.xcassets in Resources */,
				0A729D6228A526E7004A02E3 /* nssl0045.jpg in Resources */,
				0A2DA91A289A9F1A00F209F3 /* Main.storyboard in Resources */,
			);
			runOnlyForDeploymentPostprocessing = 0;
		};
/* End PBXResourcesBuildPhase section */

/* Begin PBXSourcesBuildPhase section */
		0A2DA90B289A9F1A00F209F3 /* Sources */ = {
			isa = PBXSourcesBuildPhase;
			buildActionMask = 2147483647;
			files = (
				0A2DA917289A9F1A00F209F3 /* ViewController.swift in Sources */,
				0A2DA913289A9F1A00F209F3 /* AppDelegate.swift in Sources */,
				0A2DA915289A9F1A00F209F3 /* SceneDelegate.swift in Sources */,
				0ADF927E28A8120200C33AF3 /* DetailViewController.swift in Sources */,
			);
			runOnlyForDeploymentPostprocessing = 0;
		};
/* End PBXSourcesBuildPhase section */

/* Begin PBXVariantGroup section */
		0A2DA918289A9F1A00F209F3 /* Main.storyboard */ = {
			isa = PBXVariantGroup;
			children = (
				0A2DA919289A9F1A00F209F3 /* Base */,
			);
			name = Main.storyboard;
			sourceTree = "<group>";
		};
		0A2DA91D289A9F1B00F209F3 /* LaunchScreen.storyboard */ = {
			isa = PBXVariantGroup;
			children = (
				0A2DA91E289A9F1B00F209F3 /* Base */,
			);
			name = LaunchScreen.storyboard;
			sourceTree = "<group>";
		};
/* End PBXVariantGroup section */

/* Begin XCBuildConfiguration section */
		0A2DA921289A9F1B00F209F3 /* Debug */ = {
			isa = XCBuildConfiguration;
			buildSettings = {
				ALWAYS_SEARCH_USER_PATHS = NO;
				CLANG_ANALYZER_NONNULL = YES;
				CLANG_ANALYZER_NUMBER_OBJECT_CONVERSION = YES_AGGRESSIVE;
				CLANG_CXX_LANGUAGE_STANDARD = "gnu++17";
				CLANG_ENABLE_MODULES = YES;
				CLANG_ENABLE_OBJC_ARC = YES;
				CLANG_ENABLE_OBJC_WEAK = YES;
				CLANG_WARN_BLOCK_CAPTURE_AUTORELEASING = YES;
				CLANG_WARN_BOOL_CONVERSION = YES;
				CLANG_WARN_COMMA = YES;
				CLANG_WARN_CONSTANT_CONVERSION = YES;
				CLANG_WARN_DEPRECATED_OBJC_IMPLEMENTATIONS = YES;
				CLANG_WARN_DIRECT_OBJC_ISA_USAGE = YES_ERROR;
				CLANG_WARN_DOCUMENTATION_COMMENTS = YES;
				CLANG_WARN_EMPTY_BODY = YES;
				CLANG_WARN_ENUM_CONVERSION = YES;
				CLANG_WARN_INFINITE_RECURSION = YES;
				CLANG_WARN_INT_CONVERSION = YES;
				CLANG_WARN_NON_LITERAL_NULL_CONVERSION = YES;
				CLANG_WARN_OBJC_IMPLICIT_RETAIN_SELF = YES;
				CLANG_WARN_OBJC_LITERAL_CONVERSION = YES;
				CLANG_WARN_OBJC_ROOT_CLASS = YES_ERROR;
				CLANG_WARN_QUOTED_INCLUDE_IN_FRAMEWORK_HEADER = YES;
				CLANG_WARN_RANGE_LOOP_ANALYSIS = YES;
				CLANG_WARN_STRICT_PROTOTYPES = YES;
				CLANG_WARN_SUSPICIOUS_MOVE = YES;
				CLANG_WARN_UNGUARDED_AVAILABILITY = YES_AGGRESSIVE;
				CLANG_WARN_UNREACHABLE_CODE = YES;
				CLANG_WARN__DUPLICATE_METHOD_MATCH = YES;
				COPY_PHASE_STRIP = NO;
				DEBUG_INFORMATION_FORMAT = dwarf;
				ENABLE_STRICT_OBJC_MSGSEND = YES;
				ENABLE_TESTABILITY = YES;
				GCC_C_LANGUAGE_STANDARD = gnu11;
				GCC_DYNAMIC_NO_PIC = NO;
				GCC_NO_COMMON_BLOCKS = YES;
				GCC_OPTIMIZATION_LEVEL = 0;
				GCC_PREPROCESSOR_DEFINITIONS = (
					"DEBUG=1",
					"$(inherited)",
				);
				GCC_WARN_64_TO_32_BIT_CONVERSION = YES;
				GCC_WARN_ABOUT_RETURN_TYPE = YES_ERROR;
				GCC_WARN_UNDECLARED_SELECTOR = YES;
				GCC_WARN_UNINITIALIZED_AUTOS = YES_AGGRESSIVE;
				GCC_WARN_UNUSED_FUNCTION = YES;
				GCC_WARN_UNUSED_VARIABLE = YES;
				IPHONEOS_DEPLOYMENT_TARGET = 15.5;
				MTL_ENABLE_DEBUG_INFO = INCLUDE_SOURCE;
				MTL_FAST_MATH = YES;
				ONLY_ACTIVE_ARCH = YES;
				SDKROOT = iphoneos;
				SWIFT_ACTIVE_COMPILATION_CONDITIONS = DEBUG;
				SWIFT_OPTIMIZATION_LEVEL = "-Onone";
			};
			name = Debug;
		};
		0A2DA922289A9F1B00F209F3 /* Release */ = {
			isa = XCBuildConfiguration;
			buildSettings = {
				ALWAYS_SEARCH_USER_PATHS = NO;
				CLANG_ANALYZER_NONNULL = YES;
				CLANG_ANALYZER_NUMBER_OBJECT_CONVERSION = YES_AGGRESSIVE;
				CLANG_CXX_LANGUAGE_STANDARD = "gnu++17";
				CLANG_ENABLE_MODULES = YES;
				CLANG_ENABLE_OBJC_ARC = YES;
				CLANG_ENABLE_OBJC_WEAK = YES;
				CLANG_WARN_BLOCK_CAPTURE_AUTORELEASING = YES;
				CLANG_WARN_BOOL_CONVERSION = YES;
				CLANG_WARN_COMMA = YES;
				CLANG_WARN_CONSTANT_CONVERSION = YES;
				CLANG_WARN_DEPRECATED_OBJC_IMPLEMENTATIONS = YES;
				CLANG_WARN_DIRECT_OBJC_ISA_USAGE = YES_ERROR;
				CLANG_WARN_DOCUMENTATION_COMMENTS = YES;
				CLANG_WARN_EMPTY_BODY = YES;
				CLANG_WARN_ENUM_CONVERSION = YES;
				CLANG_WARN_INFINITE_RECURSION = YES;
				CLANG_WARN_INT_CONVERSION = YES;
				CLANG_WARN_NON_LITERAL_NULL_CONVERSION = YES;
				CLANG_WARN_OBJC_IMPLICIT_RETAIN_SELF = YES;
				CLANG_WARN_OBJC_LITERAL_CONVERSION = YES;
				CLANG_WARN_OBJC_ROOT_CLASS = YES_ERROR;
				CLANG_WARN_QUOTED_INCLUDE_IN_FRAMEWORK_HEADER = YES;
				CLANG_WARN_RANGE_LOOP_ANALYSIS = YES;
				CLANG_WARN_STRICT_PROTOTYPES = YES;
				CLANG_WARN_SUSPICIOUS_MOVE = YES;
				CLANG_WARN_UNGUARDED_AVAILABILITY = YES_AGGRESSIVE;
				CLANG_WARN_UNREACHABLE_CODE = YES;
				CLANG_WARN__DUPLICATE_METHOD_MATCH = YES;
				COPY_PHASE_STRIP = NO;
				DEBUG_INFORMATION_FORMAT = "dwarf-with-dsym";
				ENABLE_NS_ASSERTIONS = NO;
				ENABLE_STRICT_OBJC_MSGSEND = YES;
				GCC_C_LANGUAGE_STANDARD = gnu11;
				GCC_NO_COMMON_BLOCKS = YES;
				GCC_WARN_64_TO_32_BIT_CONVERSION = YES;
				GCC_WARN_ABOUT_RETURN_TYPE = YES_ERROR;
				GCC_WARN_UNDECLARED_SELECTOR = YES;
				GCC_WARN_UNINITIALIZED_AUTOS = YES_AGGRESSIVE;
				GCC_WARN_UNUSED_FUNCTION = YES;
				GCC_WARN_UNUSED_VARIABLE = YES;
				IPHONEOS_DEPLOYMENT_TARGET = 15.5;
				MTL_ENABLE_DEBUG_INFO = NO;
				MTL_FAST_MATH = YES;
				SDKROOT = iphoneos;
				SWIFT_COMPILATION_MODE = wholemodule;
				SWIFT_OPTIMIZATION_LEVEL = "-O";
				VALIDATE_PRODUCT = YES;
			};
			name = Release;
		};
		0A2DA924289A9F1B00F209F3 /* Debug */ = {
			isa = XCBuildConfiguration;
			buildSettings = {
				ASSETCATALOG_COMPILER_APPICON_NAME = AppIcon;
				ASSETCATALOG_COMPILER_GLOBAL_ACCENT_COLOR_NAME = AccentColor;
				CODE_SIGN_STYLE = Automatic;
				CURRENT_PROJECT_VERSION = 1;
				DEVELOPMENT_TEAM = A84V645XXM;
				GENERATE_INFOPLIST_FILE = YES;
				INFOPLIST_FILE = Project1/Info.plist;
				INFOPLIST_KEY_UIApplicationSupportsIndirectInputEvents = YES;
				INFOPLIST_KEY_UILaunchStoryboardName = LaunchScreen;
				INFOPLIST_KEY_UIMainStoryboardFile = Main;
				INFOPLIST_KEY_UISupportedInterfaceOrientations_iPad = "UIInterfaceOrientationPortrait UIInterfaceOrientationPortraitUpsideDown UIInterfaceOrientationLandscapeLeft UIInterfaceOrientationLandscapeRight";
				INFOPLIST_KEY_UISupportedInterfaceOrientations_iPhone = "UIInterfaceOrientationPortrait UIInterfaceOrientationLandscapeLeft UIInterfaceOrientationLandscapeRight";
				LD_RUNPATH_SEARCH_PATHS = (
					"$(inherited)",
					"@executable_path/Frameworks",
				);
				MARKETING_VERSION = 1.0;
				PRODUCT_BUNDLE_IDENTIFIER = com.100DaysOfSwift.Project1;
				PRODUCT_NAME = "$(TARGET_NAME)";
				SWIFT_EMIT_LOC_STRINGS = YES;
				SWIFT_VERSION = 5.0;
				TARGETED_DEVICE_FAMILY = "1,2";
			};
			name = Debug;
		};
		0A2DA925289A9F1B00F209F3 /* Release */ = {
			isa = XCBuildConfiguration;
			buildSettings = {
				ASSETCATALOG_COMPILER_APPICON_NAME = AppIcon;
				ASSETCATALOG_COMPILER_GLOBAL_ACCENT_COLOR_NAME = AccentColor;
				CODE_SIGN_STYLE = Automatic;
				CURRENT_PROJECT_VERSION = 1;
				DEVELOPMENT_TEAM = A84V645XXM;
				GENERATE_INFOPLIST_FILE = YES;
				INFOPLIST_FILE = Project1/Info.plist;
				INFOPLIST_KEY_UIApplicationSupportsIndirectInputEvents = YES;
				INFOPLIST_KEY_UILaunchStoryboardName = LaunchScreen;
				INFOPLIST_KEY_UIMainStoryboardFile = Main;
				INFOPLIST_KEY_UISupportedInterfaceOrientations_iPad = "UIInterfaceOrientationPortrait UIInterfaceOrientationPortraitUpsideDown UIInterfaceOrientationLandscapeLeft UIInterfaceOrientationLandscapeRight";
				INFOPLIST_KEY_UISupportedInterfaceOrientations_iPhone = "UIInterfaceOrientationPortrait UIInterfaceOrientationLandscapeLeft UIInterfaceOrientationLandscapeRight";
				LD_RUNPATH_SEARCH_PATHS = (
					"$(inherited)",
					"@executable_path/Frameworks",
				);
				MARKETING_VERSION = 1.0;
				PRODUCT_BUNDLE_IDENTIFIER = com.100DaysOfSwift.Project1;
				PRODUCT_NAME = "$(TARGET_NAME)";
				SWIFT_EMIT_LOC_STRINGS = YES;
				SWIFT_VERSION = 5.0;
				TARGETED_DEVICE_FAMILY = "1,2";
			};
			name = Release;
		};
/* End XCBuildConfiguration section */

/* Begin XCConfigurationList section */
		0A2DA90A289A9F1A00F209F3 /* Build configuration list for PBXProject "Project1" */ = {
			isa = XCConfigurationList;
			buildConfigurations = (
				0A2DA921289A9F1B00F209F3 /* Debug */,
				0A2DA922289A9F1B00F209F3 /* Release */,
			);
			defaultConfigurationIsVisible = 0;
			defaultConfigurationName = Release;
		};
		0A2DA923289A9F1B00F209F3 /* Build configuration list for PBXNativeTarget "Project1" */ = {
			isa = XCConfigurationList;
			buildConfigurations = (
				0A2DA924289A9F1B00F209F3 /* Debug */,
				0A2DA925289A9F1B00F209F3 /* Release */,
			);
			defaultConfigurationIsVisible = 0;
			defaultConfigurationName = Release;
		};
/* End XCConfigurationList section */
	};
	rootObject = 0A2DA907289A9F1A00F209F3 /* Project object */;
}
